<?xml version="1.0" encoding="utf-8"?>
<Project ToolsVersion="4.0" xmlns="http://schemas.microsoft.com/developer/msbuild/2003">
  <ItemGroup>
    <Filter Include="Source Files">
      <UniqueIdentifier>{4FC737F1-C7A5-4376-A066-2A32D752A2FF}</UniqueIdentifier>
      <Extensions>cpp;c;cc;cxx;c++;cppm;ixx;def;odl;idl;hpj;bat;asm;asmx</Extensions>
    </Filter>
    <Filter Include="Header Files">
      <UniqueIdentifier>{93995380-89BD-4b04-88EB-625FBE52EBFB}</UniqueIdentifier>
      <Extensions>h;hh;hpp;hxx;h++;hm;inl;inc;ipp;xsd</Extensions>
    </Filter>
    <Filter Include="Resource Files">
      <UniqueIdentifier>{67DA6AB6-F800-4c08-8B7A-83BB121AAD01}</UniqueIdentifier>
      <Extensions>rc;ico;cur;bmp;dlg;rc2;rct;bin;rgs;gif;jpg;jpeg;jpe;resx;tiff;tif;png;wav;mfcribbon-ms</Extensions>
    </Filter>
    <Filter Include="Header Files\output">
      <UniqueIdentifier>{bdf6495e-a5e7-4725-a081-8f06229bdac6}</UniqueIdentifier>
    </Filter>
    <Filter Include="Source Files\output">
      <UniqueIdentifier>{a71c6c24-a113-4ac5-96c1-af3ca53f8d20}</UniqueIdentifier>
    </Filter>
  </ItemGroup>
  <ItemGroup>
    <ClInclude Include="..\..\debugbreak.h">
      <Filter>Header Files</Filter>
    </ClInclude>
    <ClInclude Include="..\..\formatter.h">
      <Filter>Header Files</Filter>
    </ClInclude>
    <ClInclude Include="..\..\logger.h">
      <Filter>Header Files</Filter>
    </ClInclude>
    <ClInclude Include="..\..\output\OutputBase.h">
      <Filter>Header Files\output</Filter>
    </ClInclude>
    <ClInclude Include="..\..\output\OutputCOUT.h">
      <Filter>Header Files\output</Filter>
    </ClInclude>
    <ClInclude Include="..\..\output\OutputFile.h">
      <Filter>Header Files\output</Filter>
    </ClInclude>
    <ClInclude Include="..\..\output\OutputWinCmd.h">
      <Filter>Header Files\output</Filter>
    </ClInclude>
  </ItemGroup>
  <ItemGroup>
    <ClCompile Include="..\..\logger.cpp">
      <Filter>Source Files</Filter>
    </ClCompile>
    <ClCompile Include="..\..\output\OutputBase.cpp">
      <Filter>Source Files\output</Filter>
    </ClCompile>
    <ClCompile Include="..\..\output\OutputCOUT.cpp">
      <Filter>Source Files\output</Filter>
    </ClCompile>
    <ClCompile Include="..\..\output\OutputFile.cpp">
      <Filter>Source Files\output</Filter>
    </ClCompile>
    <ClCompile Include="..\..\output\OutputWinCmd.cpp">
      <Filter>Source Files\output</Filter>
    </ClCompile>
  </ItemGroup>
</Project>